
Microsoft Visual Studio Solution File, Format Version 12.00
# Visual Studio Version 16
VisualStudioVersion = 16.0.30804.86
MinimumVisualStudioVersion = 10.0.40219.1
Project("{9A19103F-16F7-4668-BE54-9A1E7A4F7556}") = "Project_Group3", "Project_Group3.csproj", "{76458637-A29F-44B4-91CF-070584FD294B}"
EndProject
Global
	GlobalSection(SolutionConfigurationPlatforms) = preSolution
		Debug|Any CPU = Debug|Any CPU
		Release|Any CPU = Release|Any CPU
	EndGlobalSection
	GlobalSection(ProjectConfigurationPlatforms) = postSolution
		{76458637-A29F-44B4-91CF-070584FD294B}.Debug|Any CPU.ActiveCfg = Debug|Any CPU
		{76458637-A29F-44B4-91CF-070584FD294B}.Debug|Any CPU.Build.0 = Debug|Any CPU
		{76458637-A29F-44B4-91CF-070584FD294B}.Release|Any CPU.ActiveCfg = Release|Any CPU
		{76458637-A29F-44B4-91CF-070584FD294B}.Release|Any CPU.Build.0 = Release|Any CPU
	EndGlobalSection
	GlobalSection(SolutionProperties) = preSolution
		HideSolutionNode = FALSE
	EndGlobalSection
	GlobalSection(ExtensibilityGlobals) = postSolution
		SolutionGuid = {BB9600ED-611A-4255-A3B6-7855185D48C6}
	EndGlobalSection
EndGlobal
